
Microsoft Visual Studio Solution File, Format Version 12.00
# Visual Studio Version 17
VisualStudioVersion = 17.5.33530.505
MinimumVisualStudioVersion = 10.0.40219.1
Project("{9A19103F-16F7-4668-BE54-9A1E7A4F7556}") = "SuperSocket.Kestrel", "SuperSocket.Kestrel\SuperSocket.Kestrel.csproj", "{D5D07617-E378-4468-A061-BE5F55FB19FE}"
EndProject
Project("{9A19103F-16F7-4668-BE54-9A1E7A4F7556}") = "Server", "Server\Server.csproj", "{A15F7C5E-F962-412E-8DB6-C8A702981DCD}"
EndProject
Project("{9A19103F-16F7-4668-BE54-9A1E7A4F7556}") = "SuperSocket.Kestrel.Channel", "SuperSocket.Kestrel.Channel\SuperSocket.Kestrel.Channel.csproj", "{327B9ED0-A50E-46A2-8090-2BB757D44C4E}"
EndProject
Project("{FAE04EC0-301F-11D3-BF4B-00C04F79EFBC}") = "SuperSocket.Kestrel.IOCP", "SuperSocket.Kestrel.IOCP\SuperSocket.Kestrel.IOCP.csproj", "{CF63FB24-611A-4109-BE43-10F1039D4B88}"
EndProject
Project("{FAE04EC0-301F-11D3-BF4B-00C04F79EFBC}") = "Client", "Client\Client.csproj", "{5E7AE5EC-1175-42F1-AB6B-1CD532090AF9}"
EndProject
Project("{2150E333-8FDC-42A3-9474-1A3956D46DE8}") = "test", "test", "{F07A96AA-D38C-4EC5-82BA-E35354E42290}"
EndProject
Project("{2150E333-8FDC-42A3-9474-1A3956D46DE8}") = "src", "src", "{6407CCA7-C4EB-4525-92BE-F125ED37356F}"
EndProject
Project("{2150E333-8FDC-42A3-9474-1A3956D46DE8}") = "rpc", "rpc", "{ED07986E-7654-470F-90C1-46C296848524}"
EndProject
Project("{FAE04EC0-301F-11D3-BF4B-00C04F79EFBC}") = "RpcServer.Abp", "RpcServer\RpcServer.Abp.csproj", "{FA7D6DE1-F68F-47A4-9349-3007143BB368}"
EndProject
Project("{FAE04EC0-301F-11D3-BF4B-00C04F79EFBC}") = "RpcCore", "RpcCore\RpcCore.csproj", "{413890B6-6D1E-4B6A-8632-6FA24F539D08}"
EndProject
Project("{FAE04EC0-301F-11D3-BF4B-00C04F79EFBC}") = "RpcClient", "RpcClient\RpcClient.csproj", "{2B9EF231-7689-46A5-A9D6-63A4217A794B}"
EndProject
Global
	GlobalSection(SolutionConfigurationPlatforms) = preSolution
		Debug|Any CPU = Debug|Any CPU
		Release|Any CPU = Release|Any CPU
	EndGlobalSection
	GlobalSection(ProjectConfigurationPlatforms) = postSolution
		{D5D07617-E378-4468-A061-BE5F55FB19FE}.Debug|Any CPU.ActiveCfg = Debug|Any CPU
		{D5D07617-E378-4468-A061-BE5F55FB19FE}.Debug|Any CPU.Build.0 = Debug|Any CPU
		{D5D07617-E378-4468-A061-BE5F55FB19FE}.Release|Any CPU.ActiveCfg = Release|Any CPU
		{D5D07617-E378-4468-A061-BE5F55FB19FE}.Release|Any CPU.Build.0 = Release|Any CPU
		{A15F7C5E-F962-412E-8DB6-C8A702981DCD}.Debug|Any CPU.ActiveCfg = Debug|Any CPU
		{A15F7C5E-F962-412E-8DB6-C8A702981DCD}.Debug|Any CPU.Build.0 = Debug|Any CPU
		{A15F7C5E-F962-412E-8DB6-C8A702981DCD}.Release|Any CPU.ActiveCfg = Release|Any CPU
		{A15F7C5E-F962-412E-8DB6-C8A702981DCD}.Release|Any CPU.Build.0 = Release|Any CPU
		{327B9ED0-A50E-46A2-8090-2BB757D44C4E}.Debug|Any CPU.ActiveCfg = Debug|Any CPU
		{327B9ED0-A50E-46A2-8090-2BB757D44C4E}.Debug|Any CPU.Build.0 = Debug|Any CPU
		{327B9ED0-A50E-46A2-8090-2BB757D44C4E}.Release|Any CPU.ActiveCfg = Release|Any CPU
		{327B9ED0-A50E-46A2-8090-2BB757D44C4E}.Release|Any CPU.Build.0 = Release|Any CPU
		{CF63FB24-611A-4109-BE43-10F1039D4B88}.Debug|Any CPU.ActiveCfg = Debug|Any CPU
		{CF63FB24-611A-4109-BE43-10F1039D4B88}.Debug|Any CPU.Build.0 = Debug|Any CPU
		{CF63FB24-611A-4109-BE43-10F1039D4B88}.Release|Any CPU.ActiveCfg = Release|Any CPU
		{CF63FB24-611A-4109-BE43-10F1039D4B88}.Release|Any CPU.Build.0 = Release|Any CPU
		{5E7AE5EC-1175-42F1-AB6B-1CD532090AF9}.Debug|Any CPU.ActiveCfg = Debug|Any CPU
		{5E7AE5EC-1175-42F1-AB6B-1CD532090AF9}.Debug|Any CPU.Build.0 = Debug|Any CPU
		{5E7AE5EC-1175-42F1-AB6B-1CD532090AF9}.Release|Any CPU.ActiveCfg = Release|Any CPU
		{5E7AE5EC-1175-42F1-AB6B-1CD532090AF9}.Release|Any CPU.Build.0 = Release|Any CPU
		{FA7D6DE1-F68F-47A4-9349-3007143BB368}.Debug|Any CPU.ActiveCfg = Debug|Any CPU
		{FA7D6DE1-F68F-47A4-9349-3007143BB368}.Debug|Any CPU.Build.0 = Debug|Any CPU
		{FA7D6DE1-F68F-47A4-9349-3007143BB368}.Release|Any CPU.ActiveCfg = Release|Any CPU
		{FA7D6DE1-F68F-47A4-9349-3007143BB368}.Release|Any CPU.Build.0 = Release|Any CPU
		{413890B6-6D1E-4B6A-8632-6FA24F539D08}.Debug|Any CPU.ActiveCfg = Debug|Any CPU
		{413890B6-6D1E-4B6A-8632-6FA24F539D08}.Debug|Any CPU.Build.0 = Debug|Any CPU
		{413890B6-6D1E-4B6A-8632-6FA24F539D08}.Release|Any CPU.ActiveCfg = Release|Any CPU
		{413890B6-6D1E-4B6A-8632-6FA24F539D08}.Release|Any CPU.Build.0 = Release|Any CPU
		{2B9EF231-7689-46A5-A9D6-63A4217A794B}.Debug|Any CPU.ActiveCfg = Debug|Any CPU
		{2B9EF231-7689-46A5-A9D6-63A4217A794B}.Debug|Any CPU.Build.0 = Debug|Any CPU
		{2B9EF231-7689-46A5-A9D6-63A4217A794B}.Release|Any CPU.ActiveCfg = Release|Any CPU
		{2B9EF231-7689-46A5-A9D6-63A4217A794B}.Release|Any CPU.Build.0 = Release|Any CPU
	EndGlobalSection
	GlobalSection(SolutionProperties) = preSolution
		HideSolutionNode = FALSE
	EndGlobalSection
	GlobalSection(NestedProjects) = preSolution
		{D5D07617-E378-4468-A061-BE5F55FB19FE} = {6407CCA7-C4EB-4525-92BE-F125ED37356F}
		{A15F7C5E-F962-412E-8DB6-C8A702981DCD} = {F07A96AA-D38C-4EC5-82BA-E35354E42290}
		{327B9ED0-A50E-46A2-8090-2BB757D44C4E} = {6407CCA7-C4EB-4525-92BE-F125ED37356F}
		{CF63FB24-611A-4109-BE43-10F1039D4B88} = {6407CCA7-C4EB-4525-92BE-F125ED37356F}
		{5E7AE5EC-1175-42F1-AB6B-1CD532090AF9} = {F07A96AA-D38C-4EC5-82BA-E35354E42290}
		{ED07986E-7654-470F-90C1-46C296848524} = {F07A96AA-D38C-4EC5-82BA-E35354E42290}
		{FA7D6DE1-F68F-47A4-9349-3007143BB368} = {ED07986E-7654-470F-90C1-46C296848524}
		{413890B6-6D1E-4B6A-8632-6FA24F539D08} = {ED07986E-7654-470F-90C1-46C296848524}
		{2B9EF231-7689-46A5-A9D6-63A4217A794B} = {ED07986E-7654-470F-90C1-46C296848524}
	EndGlobalSection
	GlobalSection(ExtensibilityGlobals) = postSolution
		SolutionGuid = {FD7A2BF5-E8EA-40EE-9F17-B5FB9DD872B2}
	EndGlobalSection
EndGlobal
